
Microsoft Visual Studio Solution File, Format Version 12.00
# Visual Studio Version 16
VisualStudioVersion = 16.0.29215.179
MinimumVisualStudioVersion = 10.0.40219.1
Project("{FAE04EC0-301F-11D3-BF4B-00C04F79EFBC}") = "WindowsFormsApp4", "WindowsFormsApp4\WindowsFormsApp4.csproj", "{10BE5D1A-0165-4644-81CF-F507C109D676}"
EndProject
Global
	GlobalSection(SolutionConfigurationPlatforms) = preSolution
		Debug|Any CPU = Debug|Any CPU
		Release|Any CPU = Release|Any CPU
	EndGlobalSection
	GlobalSection(ProjectConfigurationPlatforms) = postSolution
		{10BE5D1A-0165-4644-81CF-F507C109D676}.Debug|Any CPU.ActiveCfg = Debug|Any CPU
		{10BE5D1A-0165-4644-81CF-F507C109D676}.Debug|Any CPU.Build.0 = Debug|Any CPU
		{10BE5D1A-0165-4644-81CF-F507C109D676}.Release|Any CPU.ActiveCfg = Release|Any CPU
		{10BE5D1A-0165-4644-81CF-F507C109D676}.Release|Any CPU.Build.0 = Release|Any CPU
	EndGlobalSection
	GlobalSection(SolutionProperties) = preSolution
		HideSolutionNode = FALSE
	EndGlobalSection
	GlobalSection(ExtensibilityGlobals) = postSolution
		SolutionGuid = {4D06AD5A-7D1A-4C9C-8C62-30AF826BDC73}
	EndGlobalSection
EndGlobal
